
Microsoft Visual Studio Solution File, Format Version 12.00
# Visual Studio 15
VisualStudioVersion = 15.0.27428.2015
MinimumVisualStudioVersion = 10.0.40219.1
Project("{8BC9CEB8-8B4A-11D0-8D11-00A0C91BC942}") = "SDL_window", "SDL_window\SDL_window.vcxproj", "{021ECF3C-48BB-45C4-93C6-277817AD3225}"
EndProject
Global
	GlobalSection(SolutionConfigurationPlatforms) = preSolution
		Debug|x64 = Debug|x64
		Debug|x86 = Debug|x86
		Release|x64 = Release|x64
		Release|x86 = Release|x86
	EndGlobalSection
	GlobalSection(ProjectConfigurationPlatforms) = postSolution
		{021ECF3C-48BB-45C4-93C6-277817AD3225}.Debug|x64.ActiveCfg = Debug|x64
		{021ECF3C-48BB-45C4-93C6-277817AD3225}.Debug|x64.Build.0 = Debug|x64
		{021ECF3C-48BB-45C4-93C6-277817AD3225}.Debug|x86.ActiveCfg = Debug|Win32
		{021ECF3C-48BB-45C4-93C6-277817AD3225}.Debug|x86.Build.0 = Debug|Win32
		{021ECF3C-48BB-45C4-93C6-277817AD3225}.Release|x64.ActiveCfg = Release|x64
		{021ECF3C-48BB-45C4-93C6-277817AD3225}.Release|x64.Build.0 = Release|x64
		{021ECF3C-48BB-45C4-93C6-277817AD3225}.Release|x86.ActiveCfg = Release|Win32
		{021ECF3C-48BB-45C4-93C6-277817AD3225}.Release|x86.Build.0 = Release|Win32
	EndGlobalSection
	GlobalSection(SolutionProperties) = preSolution
		HideSolutionNode = FALSE
	EndGlobalSection
	GlobalSection(ExtensibilityGlobals) = postSolution
		SolutionGuid = {9E6A746A-01FE-4975-890B-C324AC16EE07}
	EndGlobalSection
EndGlobal
